
Microsoft Visual Studio Solution File, Format Version 12.00
# Visual Studio Version 17
VisualStudioVersion = 17.5.002.0
MinimumVisualStudioVersion = 10.0.40219.1
Project("{9A19103F-16F7-4668-BE54-9A1E7A4F7556}") = "ipod-dump", "ipod-dump.csproj", "{9003D4E5-A4BE-4415-BE6C-0B0C21C85C0F}"
EndProject
Global
	GlobalSection(SolutionConfigurationPlatforms) = preSolution
		Debug|Any CPU = Debug|Any CPU
		Release|Any CPU = Release|Any CPU
	EndGlobalSection
	GlobalSection(ProjectConfigurationPlatforms) = postSolution
		{9003D4E5-A4BE-4415-BE6C-0B0C21C85C0F}.Debug|Any CPU.ActiveCfg = Debug|Any CPU
		{9003D4E5-A4BE-4415-BE6C-0B0C21C85C0F}.Debug|Any CPU.Build.0 = Debug|Any CPU
		{9003D4E5-A4BE-4415-BE6C-0B0C21C85C0F}.Release|Any CPU.ActiveCfg = Release|Any CPU
		{9003D4E5-A4BE-4415-BE6C-0B0C21C85C0F}.Release|Any CPU.Build.0 = Release|Any CPU
	EndGlobalSection
	GlobalSection(SolutionProperties) = preSolution
		HideSolutionNode = FALSE
	EndGlobalSection
	GlobalSection(ExtensibilityGlobals) = postSolution
		SolutionGuid = {A66908BD-F422-4903-9F27-9924AA5AE912}
	EndGlobalSection
EndGlobal
